
Microsoft Visual Studio Solution File, Format Version 12.00
# Visual Studio Version 17
VisualStudioVersion = 17.7.34202.233
MinimumVisualStudioVersion = 10.0.40219.1
Project("{FAE04EC0-301F-11D3-BF4B-00C04F79EFBC}") = "S10262474_PRG2Assignment", "S10262474_PRG2Assignment\S10262474_PRG2Assignment.csproj", "{BE4E99D6-9075-4AFE-86C5-774C8CD556F8}"
EndProject
Global
	GlobalSection(SolutionConfigurationPlatforms) = preSolution
		Debug|Any CPU = Debug|Any CPU
		Release|Any CPU = Release|Any CPU
	EndGlobalSection
	GlobalSection(ProjectConfigurationPlatforms) = postSolution
		{BE4E99D6-9075-4AFE-86C5-774C8CD556F8}.Debug|Any CPU.ActiveCfg = Debug|Any CPU
		{BE4E99D6-9075-4AFE-86C5-774C8CD556F8}.Debug|Any CPU.Build.0 = Debug|Any CPU
		{BE4E99D6-9075-4AFE-86C5-774C8CD556F8}.Release|Any CPU.ActiveCfg = Release|Any CPU
		{BE4E99D6-9075-4AFE-86C5-774C8CD556F8}.Release|Any CPU.Build.0 = Release|Any CPU
	EndGlobalSection
	GlobalSection(SolutionProperties) = preSolution
		HideSolutionNode = FALSE
	EndGlobalSection
	GlobalSection(ExtensibilityGlobals) = postSolution
		SolutionGuid = {2D515B15-A831-4168-9891-F9857C87D213}
	EndGlobalSection
EndGlobal
